
Microsoft Visual Studio Solution File, Format Version 12.00
# Visual Studio Version 17
VisualStudioVersion = 17.0.31903.59
MinimumVisualStudioVersion = 10.0.40219.1
Project("{9A19103F-16F7-4668-BE54-9A1E7A4F7556}") = "Helpers", "Helpers\Helpers.csproj", "{5173E69B-9B85-420F-A468-5063A05D25DF}"
EndProject
Project("{2150E333-8FDC-42A3-9474-1A3956D46DE8}") = "Tests", "Tests", "{478CC725-998C-4B59-BA07-AC27CDB0D905}"
EndProject
Project("{FAE04EC0-301F-11D3-BF4B-00C04F79EFBC}") = "TestHelpers", "TestHelpers\TestHelpers.csproj", "{54A11EE3-6515-45D8-A68D-B7A60CEBBFD6}"
EndProject
Global
	GlobalSection(SolutionConfigurationPlatforms) = preSolution
		Debug|Any CPU = Debug|Any CPU
		Release|Any CPU = Release|Any CPU
	EndGlobalSection
	GlobalSection(ProjectConfigurationPlatforms) = postSolution
		{5173E69B-9B85-420F-A468-5063A05D25DF}.Debug|Any CPU.ActiveCfg = Debug|Any CPU
		{5173E69B-9B85-420F-A468-5063A05D25DF}.Debug|Any CPU.Build.0 = Debug|Any CPU
		{5173E69B-9B85-420F-A468-5063A05D25DF}.Release|Any CPU.ActiveCfg = Release|Any CPU
		{5173E69B-9B85-420F-A468-5063A05D25DF}.Release|Any CPU.Build.0 = Release|Any CPU
		{54A11EE3-6515-45D8-A68D-B7A60CEBBFD6}.Debug|Any CPU.ActiveCfg = Debug|Any CPU
		{54A11EE3-6515-45D8-A68D-B7A60CEBBFD6}.Debug|Any CPU.Build.0 = Debug|Any CPU
		{54A11EE3-6515-45D8-A68D-B7A60CEBBFD6}.Release|Any CPU.ActiveCfg = Release|Any CPU
		{54A11EE3-6515-45D8-A68D-B7A60CEBBFD6}.Release|Any CPU.Build.0 = Release|Any CPU
	EndGlobalSection
	GlobalSection(SolutionProperties) = preSolution
		HideSolutionNode = FALSE
	EndGlobalSection
	GlobalSection(NestedProjects) = preSolution
		{54A11EE3-6515-45D8-A68D-B7A60CEBBFD6} = {478CC725-998C-4B59-BA07-AC27CDB0D905}
	EndGlobalSection
	GlobalSection(ExtensibilityGlobals) = postSolution
		SolutionGuid = {BCAC9C2D-C5B8-4AD8-BEFF-C95BE1DBBC08}
	EndGlobalSection
EndGlobal
